# THIS IS AN AUTOGENERATED FILE. DO NOT EDIT THIS FILE DIRECTLY.
# yarn lockfile v1


"@babel/runtime@^7.12.5", "@babel/runtime@^7.5.5", "@babel/runtime@^7.9.2":
  version "7.13.10"
  resolved "https://registry.yarnpkg.com/@babel/runtime/-/runtime-7.13.10.tgz"
  integrity sha512-4QPkjJq6Ns3V/RgpEahRk+AGfL0eO6RHHtTWoNNr5mO49G6B5+X6d6THgWEAvTrznU5xYpbAlVKRYcsCgh/Akw==
  dependencies:
    regenerator-runtime "^0.13.4"

"@skywatch/api@^1.1.2":
  version "1.1.2"
  resolved "https://registry.yarnpkg.com/@skywatch/api/-/api-1.1.2.tgz#35ce90990d0459b46ab8605473f8195e3d428f85"
  integrity sha512-1f0HyGT1CwsUD+OrK8wr+tp6QBFpB74S6NSKmhQKw1u5fAPkKwcbhMkTxc2TGL61uZLZyCu0gQGWxhTzb/Xgdg==
  dependencies:
    axios "^0.19.2"
    qs "^6.9.4"

"@videojs/http-streaming@2.4.2":
  version "2.4.2"
  resolved "https://registry.npmjs.org/@videojs/http-streaming/-/http-streaming-2.4.2.tgz"
  integrity sha512-yXT85ao2t9Sg/aQN2MV1AYikoRToxCaHD8rRR1+SuOWOv9+z8+M4X9ZvxIdFF3pFgZ67Widp/6xyRrDn2u2QWQ==
  dependencies:
    "@babel/runtime" "^7.12.5"
    "@videojs/vhs-utils" "^2.3.0"
    aes-decrypter "3.1.0"
    global "^4.4.0"
    m3u8-parser "4.5.0"
    mpd-parser "0.15.0"
    mux.js "5.8.0"
    video.js "^6 || ^7"

"@videojs/vhs-utils@^2.2.1", "@videojs/vhs-utils@^2.3.0":
  version "2.3.0"
  resolved "https://registry.npmjs.org/@videojs/vhs-utils/-/vhs-utils-2.3.0.tgz"
  integrity sha512-ThSmm91S7tuIJ757ON50K4y7S/bvKN4+B0tu303gCOxaG57PoP1UvPfMQZ90XGhxwNgngexVojOqbBHhTvXVHQ==
  dependencies:
    "@babel/runtime" "^7.5.5"
    global "^4.3.2"
    url-toolkit "^2.1.6"

"@videojs/xhr@2.5.1":
  version "2.5.1"
  resolved "https://registry.npmjs.org/@videojs/xhr/-/xhr-2.5.1.tgz"
  integrity sha512-wV9nGESHseSK+S9ePEru2+OJZ1jq/ZbbzniGQ4weAmTIepuBMSYPx5zrxxQA0E786T5ykpO8ts+LayV+3/oI2w==
  dependencies:
    "@babel/runtime" "^7.5.5"
    global "~4.4.0"
    is-function "^1.0.1"

aes-decrypter@3.1.0:
  version "3.1.0"
  resolved "https://registry.npmjs.org/aes-decrypter/-/aes-decrypter-3.1.0.tgz"
  integrity sha512-wL1NFwP2yNrJG4InpXYFhhYe9TfonnDyhyxMq2+K9/qt+SrZzUieOpviN6pkDly7GawTqw5feehk0rn5iYo00g==
  dependencies:
    "@babel/runtime" "^7.5.5"
    "@videojs/vhs-utils" "^2.2.1"
    global "^4.3.2"
    pkcs7 "^1.0.4"

axios@^0.19.2:
  version "0.19.2"
  resolved "https://registry.yarnpkg.com/axios/-/axios-0.19.2.tgz#3ea36c5d8818d0d5f8a8a97a6d36b86cdc00cb27"
  integrity sha512-fjgm5MvRHLhx+osE2xoekY70AhARk3a6hkN+3Io1jc00jtquGvxYlKlsFUhmUET0V5te6CcZI7lcv2Ym61mjHA==
  dependencies:
    follow-redirects "1.5.10"

backbone@^1.4.0:
  version "1.4.0"
  resolved "https://registry.yarnpkg.com/backbone/-/backbone-1.4.0.tgz#54db4de9df7c3811c3f032f34749a4cd27f3bd12"
  integrity sha512-RLmDrRXkVdouTg38jcgHhyQ/2zjg7a8E6sz2zxfz21Hh17xDJYUHBZimVIt5fUyS8vbfpeSmTL3gUjTEvUV3qQ==
  dependencies:
    underscore ">=1.8.3"

call-bind@^1.0.0:
  version "1.0.2"
  resolved "https://registry.yarnpkg.com/call-bind/-/call-bind-1.0.2.tgz#b1d4e89e688119c3c9a903ad30abb2f6a919be3c"
  integrity sha512-7O+FbCihrB5WGbFYesctwmTKae6rOiIzmz1icreWJ+0aA7LJfuqhEso2T9ncpcFtzMQtzXf2QGGueWJGTYsqrA==
  dependencies:
    function-bind "^1.1.1"
    get-intrinsic "^1.0.2"

debug@=3.1.0:
  version "3.1.0"
  resolved "https://registry.yarnpkg.com/debug/-/debug-3.1.0.tgz#5bb5a0672628b64149566ba16819e61518c67261"
  integrity sha512-OX8XqP7/1a9cqkxYw2yXss15f26NKWBpDXQd0/uK/KPqdQhxbPa994hnzjcE2VqQpDslf55723cKPUOGSmMY3g==
  dependencies:
    ms "2.0.0"

dom-walk@^0.1.0:
  version "0.1.2"
  resolved "https://registry.npmjs.org/dom-walk/-/dom-walk-0.1.2.tgz"
  integrity sha512-6QvTW9mrGeIegrFXdtQi9pk7O/nSK6lSdXW2eqUspN5LWD7UTji2Fqw5V2YLjBpHEoU9Xl/eUWNpDeZvoyOv2w==

es6-promise@^4.2.5:
  version "4.2.8"
  resolved "https://registry.npmjs.org/es6-promise/-/es6-promise-4.2.8.tgz"
  integrity sha512-HJDGx5daxeIvxdBxvG2cb9g4tEvwIk3i8+nhX0yGrYmZUzbkdg8QbDevheDB8gd0//uPj4c1EQua8Q+MViT0/w==

flv.js@^1.5.0:
  version "1.5.0"
  resolved "https://registry.npmjs.org/flv.js/-/flv.js-1.5.0.tgz"
  integrity sha512-7tFwccqkFXpA7RIED0KvuNny2qVnpuGc5nTGsRpzrCT+qtwIaZyciK5UgyvgtlAMYaPFzYS0wdI92JiSBKOyXw==
  dependencies:
    es6-promise "^4.2.5"
    webworkify "^1.5.0"

follow-redirects@1.5.10:
  version "1.5.10"
  resolved "https://registry.yarnpkg.com/follow-redirects/-/follow-redirects-1.5.10.tgz#7b7a9f9aea2fdff36786a94ff643ed07f4ff5e2a"
  integrity sha512-0V5l4Cizzvqt5D44aTXbFZz+FtyXV1vrDN6qrelxtfYQKW0KO0W2T/hkE8xvGa/540LkZlkaUjO4ailYTFtHVQ==
  dependencies:
    debug "=3.1.0"

function-bind@^1.1.1:
  version "1.1.1"
  resolved "https://registry.yarnpkg.com/function-bind/-/function-bind-1.1.1.tgz#a56899d3ea3c9bab874bb9773b7c5ede92f4895d"
  integrity sha512-yIovAzMX49sF8Yl58fSCWJ5svSLuaibPxXQJFLmBObTuCr0Mf1KiPopGM9NiFjiYBCbfaa2Fh6breQ6ANVTI0A==

get-intrinsic@^1.0.2:
  version "1.1.1"
  resolved "https://registry.yarnpkg.com/get-intrinsic/-/get-intrinsic-1.1.1.tgz#15f59f376f855c446963948f0d24cd3637b4abc6"
  integrity sha512-kWZrnVM42QCiEA2Ig1bG8zjoIMOgxWwYCEeNdwY6Tv/cOSeGpcoX4pXHfKUxNKVoArnrEr2e9srnAxxGIraS9Q==
  dependencies:
    function-bind "^1.1.1"
    has "^1.0.3"
    has-symbols "^1.0.1"

global@4.3.2, global@^4.3.1, global@^4.3.2:
  version "4.3.2"
  resolved "https://registry.npmjs.org/global/-/global-4.3.2.tgz"
  integrity sha1-52mJJopsdMOJCLEwWxD8DjlOnQ8=
  dependencies:
    min-document "^2.19.0"
    process "~0.5.1"

global@^4.4.0, global@~4.4.0:
  version "4.4.0"
  resolved "https://registry.npmjs.org/global/-/global-4.4.0.tgz"
  integrity sha512-wv/LAoHdRE3BeTGz53FAamhGlPLhlssK45usmGFThIi4XqnBmjKQ16u+RNbP7WvigRZDxUsM0J3gcQ5yicaL0w==
  dependencies:
    min-document "^2.19.0"
    process "^0.11.10"

has-symbols@^1.0.1:
  version "1.0.2"
  resolved "https://registry.yarnpkg.com/has-symbols/-/has-symbols-1.0.2.tgz#165d3070c00309752a1236a479331e3ac56f1423"
  integrity sha512-chXa79rL/UC2KlX17jo3vRGz0azaWEx5tGqZg5pO3NUyEJVB17dMruQlzCCOfUvElghKcm5194+BCRvi2Rv/Gw==

has@^1.0.3:
  version "1.0.3"
  resolved "https://registry.yarnpkg.com/has/-/has-1.0.3.tgz#722d7cbfc1f6aa8241f16dd814e011e1f41e8796"
  integrity sha512-f2dvO0VU6Oej7RkWJGrehjbzMAjFp5/VKPp5tTpWIV4JHHZK1/BxbFRtf/siA2SWTe09caDmVtYYzWEIbBS4zw==
  dependencies:
    function-bind "^1.1.1"

individual@^2.0.0:
  version "2.0.0"
  resolved "https://registry.npmjs.org/individual/-/individual-2.0.0.tgz"
  integrity sha1-gzsJfa0jKU52EXqY+zjg2a1hu5c=

is-function@^1.0.1:
  version "1.0.2"
  resolved "https://registry.npmjs.org/is-function/-/is-function-1.0.2.tgz"
  integrity sha512-lw7DUp0aWXYg+CBCN+JKkcE0Q2RayZnSvnZBlwgxHBQhqt5pZNVy4Ri7H9GmmXkdu7LUthszM+Tor1u/2iBcpQ==

jquery-ui-dist@^1.12.1:
  version "1.12.1"
  resolved "https://registry.yarnpkg.com/jquery-ui-dist/-/jquery-ui-dist-1.12.1.tgz#5c0815d3cc6f90ff5faaf5b268a6e23b4ca904fa"
  integrity sha1-XAgV08xvkP9fqvWyaKbiO0ypBPo=

jquery@^3.6.0:
  version "3.6.0"
  resolved "https://registry.yarnpkg.com/jquery/-/jquery-3.6.0.tgz#c72a09f15c1bdce142f49dbf1170bdf8adac2470"
  integrity sha512-JVzAR/AjBvVt2BmYhxRCSYysDsPcssdmTFnzyLEts9qNwmjmu4JTAMYubEfwVOSwpQ1I1sKKFcxhZCI2buerfw==

"js-tokens@^3.0.0 || ^4.0.0":
  version "4.0.0"
  resolved "https://registry.yarnpkg.com/js-tokens/-/js-tokens-4.0.0.tgz"
  integrity sha512-RdJUflcE3cUzKiMqQgsCu06FPu9UdIJO0beYbPhHN4k6apgJtifcoCtT9bcxOpYBtpD2kCM6Sbzg4CausW/PKQ==

keycode@^2.2.0:
  version "2.2.0"
  resolved "https://registry.npmjs.org/keycode/-/keycode-2.2.0.tgz"
  integrity sha1-PQr1bce4uOXLqNCpfxByBO7CKwQ=

loose-envify@^1.4.0:
  version "1.4.0"
  resolved "https://registry.yarnpkg.com/loose-envify/-/loose-envify-1.4.0.tgz"
  integrity sha512-lyuxPGr/Wfhrlem2CL/UcnUc1zcqKAImBDzukY7Y5F/yQiNdko6+fRLevlw1HgMySw7f611UIY408EtxRSoK3Q==
  dependencies:
    js-tokens "^3.0.0 || ^4.0.0"

m3u8-parser@4.5.0:
  version "4.5.0"
  resolved "https://registry.npmjs.org/m3u8-parser/-/m3u8-parser-4.5.0.tgz"
  integrity sha512-RGm/1WVCX3o1bSWbJGmJUu4zTbtJy8lImtgHM4CESFvJRXYztr1j6SW/q9/ghYOrUjgH7radsIar+z1Leln0sA==
  dependencies:
    "@babel/runtime" "^7.5.5"
    "@videojs/vhs-utils" "^2.2.1"
    global "^4.3.2"

min-document@^2.19.0:
  version "2.19.0"
  resolved "https://registry.npmjs.org/min-document/-/min-document-2.19.0.tgz"
  integrity sha1-e9KC4/WELtKVu3SM3Z8f+iyCRoU=
  dependencies:
    dom-walk "^0.1.0"

mpd-parser@0.15.0:
  version "0.15.0"
  resolved "https://registry.npmjs.org/mpd-parser/-/mpd-parser-0.15.0.tgz"
  integrity sha512-GfspJVaEnVbWKZQASvh9nsJkvxWh3M/c5Kb2RPnN5ZXPZ7jWWfarWkNKTEuqvoaAKIT8IB/r6PFTWA1GY4fzGg==
  dependencies:
    "@babel/runtime" "^7.5.5"
    "@videojs/vhs-utils" "^2.2.1"
    global "^4.3.2"
    xmldom "^0.1.27"

ms@2.0.0:
  version "2.0.0"
  resolved "https://registry.yarnpkg.com/ms/-/ms-2.0.0.tgz#5608aeadfc00be6c2901df5f9861788de0d597c8"
  integrity sha1-VgiurfwAvmwpAd9fmGF4jeDVl8g=

mux.js@5.8.0:
  version "5.8.0"
  resolved "https://registry.npmjs.org/mux.js/-/mux.js-5.8.0.tgz"
  integrity sha512-v56I2YPyCq1bVbXW7vcuvQs8iHrDy7AeXsZyG1kxCxBUqUjZD0Xq/cU1wrd5dy9YTxRpvw37aTQ4ILwi40GXiw==

object-assign@^4.1.1:
  version "4.1.1"
  resolved "https://registry.yarnpkg.com/object-assign/-/object-assign-4.1.1.tgz"
  integrity sha1-IQmtx5ZYh8/AXLvUQsrIv7s2CGM=

object-inspect@^1.9.0:
  version "1.11.0"
  resolved "https://registry.yarnpkg.com/object-inspect/-/object-inspect-1.11.0.tgz#9dceb146cedd4148a0d9e51ab88d34cf509922b1"
  integrity sha512-jp7ikS6Sd3GxQfZJPyH3cjcbJF6GZPClgdV+EFygjFLQ5FmW/dRUnTd9PQ9k0JhoNDabWFbpF1yCdSWCC6gexg==

pkcs7@^1.0.4:
  version "1.0.4"
  resolved "https://registry.npmjs.org/pkcs7/-/pkcs7-1.0.4.tgz"
  integrity sha512-afRERtHn54AlwaF2/+LFszyAANTCggGilmcmILUzEjvs3XgFZT+xE6+QWQcAGmu4xajy+Xtj7acLOPdx5/eXWQ==
  dependencies:
    "@babel/runtime" "^7.5.5"

process@^0.11.10:
  version "0.11.10"
  resolved "https://registry.yarnpkg.com/process/-/process-0.11.10.tgz"
  integrity sha1-czIwDoQBYb2j5podHZGn1LwW8YI=

process@~0.5.1:
  version "0.5.2"
  resolved "https://registry.npmjs.org/process/-/process-0.5.2.tgz"
  integrity sha1-FjjYqONML0QKkduVq5rrZ3/Bhc8=

prop-types@^15.7.2:
  version "15.7.2"
  resolved "https://registry.yarnpkg.com/prop-types/-/prop-types-15.7.2.tgz"
  integrity sha512-8QQikdH7//R2vurIJSutZ1smHYTcLpRWEOlHnzcWHmBYrOGUysKwSsrC89BCiFj3CbrfJ/nXFdJepOVrY1GCHQ==
  dependencies:
    loose-envify "^1.4.0"
    object-assign "^4.1.1"
    react-is "^16.8.1"

qs@^6.9.4:
  version "6.10.1"
  resolved "https://registry.yarnpkg.com/qs/-/qs-6.10.1.tgz#4931482fa8d647a5aab799c5271d2133b981fb6a"
  integrity sha512-M528Hph6wsSVOBiYUnGf+K/7w0hNshs/duGsNXPUCLH5XAqjEtiPGwNONLV0tBH8NoGb0mvD5JubnUTrujKDTg==
  dependencies:
    side-channel "^1.0.4"

react-is@^16.8.1:
  version "16.13.1"
  resolved "https://registry.yarnpkg.com/react-is/-/react-is-16.13.1.tgz"
  integrity sha512-24e6ynE2H+OKt4kqsOvNd8kBpV65zoxbA4BVsEOB3ARVWQki/DHzaUoC5KuON/BiccDaCCTZBuOcfZs70kR8bQ==

regenerator-runtime@^0.13.4:
  version "0.13.7"
  resolved "https://registry.yarnpkg.com/regenerator-runtime/-/regenerator-runtime-0.13.7.tgz"
  integrity sha512-a54FxoJDIr27pgf7IgeQGxmqUNYrcV338lf/6gH456HZ/PhX+5BcwHXG9ajESmwe6WRO0tAzRUrRmNONWgkrew==

rust-result@^1.0.0:
  version "1.0.0"
  resolved "https://registry.npmjs.org/rust-result/-/rust-result-1.0.0.tgz"
  integrity sha1-NMdbLm3Dn+WHXlveyFteD5FTb3I=
  dependencies:
    individual "^2.0.0"

safe-json-parse@4.0.0:
  version "4.0.0"
  resolved "https://registry.npmjs.org/safe-json-parse/-/safe-json-parse-4.0.0.tgz"
  integrity sha1-fA9XjPzNEtM6ccDgVBPi7KFx6qw=
  dependencies:
    rust-result "^1.0.0"

side-channel@^1.0.4:
  version "1.0.4"
  resolved "https://registry.yarnpkg.com/side-channel/-/side-channel-1.0.4.tgz#efce5c8fdc104ee751b25c58d4290011fa5ea2cf"
  integrity sha512-q5XPytqFEIKHkGdiMIrY10mvLRvnQh42/+GoBlFW3b2LXLE2xxJpZFdm94we0BaoV3RwJyGqg5wS7epxTv0Zvw==
  dependencies:
    call-bind "^1.0.0"
    get-intrinsic "^1.0.2"
    object-inspect "^1.9.0"

underscore@>=1.8.3, underscore@^1.13.1:
  version "1.13.1"
  resolved "https://registry.yarnpkg.com/underscore/-/underscore-1.13.1.tgz#0c1c6bd2df54b6b69f2314066d65b6cde6fcf9d1"
  integrity sha512-hzSoAVtJF+3ZtiFX0VgfFPHEDRm7Y/QPjGyNo4TVdnDTdft3tr8hEkD25a1jC+TjTuE7tkHGKkhwCgs9dgBB2g==

url-toolkit@^2.1.6:
  version "2.2.1"
  resolved "https://registry.npmjs.org/url-toolkit/-/url-toolkit-2.2.1.tgz"
  integrity sha512-8+DzgrtDZYZGhHaAop5WGVghMdCfOLGbhcArsJD0qDll71FXa7EeKxi2hilPIscn2nwMz4PRjML32Sz4JTN0Xw==

"video.js@^6 || ^7", video.js@^7.11.4:
  version "7.11.4"
  resolved "https://registry.npmjs.org/video.js/-/video.js-7.11.4.tgz"
  integrity sha512-eT9n7YCugHyWNHI2gyK28XoozNmLiW4F9dRYEP6ET/JVmm7oXPhLeVfs5kqcRviquISqWsvsNmhK1b9vvZzyVA==
  dependencies:
    "@babel/runtime" "^7.9.2"
    "@videojs/http-streaming" "2.4.2"
    "@videojs/xhr" "2.5.1"
    global "4.3.2"
    keycode "^2.2.0"
    safe-json-parse "4.0.0"
    videojs-font "3.2.0"
    videojs-vtt.js "^0.15.2"

videojs-font@3.2.0:
  version "3.2.0"
  resolved "https://registry.npmjs.org/videojs-font/-/videojs-font-3.2.0.tgz"
  integrity sha512-g8vHMKK2/JGorSfqAZQUmYYNnXmfec4MLhwtEFS+mMs2IDY398GLysy6BH6K+aS1KMNu/xWZ8Sue/X/mdQPliA==

videojs-vtt.js@^0.15.2:
  version "0.15.2"
  resolved "https://registry.npmjs.org/videojs-vtt.js/-/videojs-vtt.js-0.15.2.tgz"
  integrity sha512-kEo4hNMvu+6KhPvVYPKwESruwhHC3oFis133LwhXHO9U7nRnx0RiJYMiqbgwjgazDEXHR6t8oGJiHM6wq5XlAw==
  dependencies:
    global "^4.3.1"

webworkify@^1.5.0:
  version "1.5.0"
  resolved "https://registry.npmjs.org/webworkify/-/webworkify-1.5.0.tgz"
  integrity sha512-AMcUeyXAhbACL8S2hqqdqOLqvJ8ylmIbNwUIqQujRSouf4+eUFaXbG6F1Rbu+srlJMmxQWsiU7mOJi0nMBfM1g==

xmldom@^0.1.27:
  version "0.1.31"
  resolved "https://registry.npmjs.org/xmldom/-/xmldom-0.1.31.tgz"
  integrity sha512-yS2uJflVQs6n+CyjHoaBmVSqIDevTAWrzMmjG1Gc7h1qQ7uVozNhEPJAwZXWyGQ/Gafo3fCwrcaokezLPupVyQ==
